
Microsoft Visual Studio Solution File, Format Version 12.00
# Visual Studio 15
VisualStudioVersion = 15.0.28307.572
MinimumVisualStudioVersion = 10.0.40219.1
Project("{FAE04EC0-301F-11D3-BF4B-00C04F79EFBC}") = "EShopWebApi", "EShopWebApi\EShopWebApi.csproj", "{61B160D4-1CC2-4A5D-9EE7-EA90D26DF615}"
EndProject
Global
	GlobalSection(SolutionConfigurationPlatforms) = preSolution
		Debug|Any CPU = Debug|Any CPU
		Release|Any CPU = Release|Any CPU
	EndGlobalSection
	GlobalSection(ProjectConfigurationPlatforms) = postSolution
		{61B160D4-1CC2-4A5D-9EE7-EA90D26DF615}.Debug|Any CPU.ActiveCfg = Debug|Any CPU
		{61B160D4-1CC2-4A5D-9EE7-EA90D26DF615}.Debug|Any CPU.Build.0 = Debug|Any CPU
		{61B160D4-1CC2-4A5D-9EE7-EA90D26DF615}.Release|Any CPU.ActiveCfg = Release|Any CPU
		{61B160D4-1CC2-4A5D-9EE7-EA90D26DF615}.Release|Any CPU.Build.0 = Release|Any CPU
	EndGlobalSection
	GlobalSection(SolutionProperties) = preSolution
		HideSolutionNode = FALSE
	EndGlobalSection
	GlobalSection(ExtensibilityGlobals) = postSolution
		SolutionGuid = {3F124EA1-740D-4D91-9C78-29BB622F309A}
	EndGlobalSection
EndGlobal
